
Microsoft Visual Studio Solution File, Format Version 12.00
# Visual Studio Version 16
VisualStudioVersion = 16.0.31829.152
MinimumVisualStudioVersion = 10.0.40219.1
Project("{F184B08F-C81C-45F6-A57F-5ABD9991F28F}") = "Оператор условного перехода", "Оператор условного перехода.vbproj", "{1622C37F-30B0-4256-88AC-22D52640C198}"
EndProject
Global
	GlobalSection(SolutionConfigurationPlatforms) = preSolution
		Debug|Any CPU = Debug|Any CPU
		Release|Any CPU = Release|Any CPU
	EndGlobalSection
	GlobalSection(ProjectConfigurationPlatforms) = postSolution
		{1622C37F-30B0-4256-88AC-22D52640C198}.Debug|Any CPU.ActiveCfg = Debug|Any CPU
		{1622C37F-30B0-4256-88AC-22D52640C198}.Debug|Any CPU.Build.0 = Debug|Any CPU
		{1622C37F-30B0-4256-88AC-22D52640C198}.Release|Any CPU.ActiveCfg = Release|Any CPU
		{1622C37F-30B0-4256-88AC-22D52640C198}.Release|Any CPU.Build.0 = Release|Any CPU
	EndGlobalSection
	GlobalSection(SolutionProperties) = preSolution
		HideSolutionNode = FALSE
	EndGlobalSection
	GlobalSection(ExtensibilityGlobals) = postSolution
		SolutionGuid = {660475EE-ACB3-4306-AF07-F2515ACF58B6}
	EndGlobalSection
EndGlobal
